
Microsoft Visual Studio Solution File, Format Version 12.00
# Visual Studio Version 17
VisualStudioVersion = 17.9.34622.214
MinimumVisualStudioVersion = 10.0.40219.1
Project("{888888A0-9F3D-457C-B088-3A5042F75D52}") = "NoiseReductionPy", "NoiseReductionPy.pyproj", "{A170CD47-2C4F-4B9E-BD20-0C9E73A090A0}"
EndProject
Global
	GlobalSection(SolutionConfigurationPlatforms) = preSolution
		Debug|Any CPU = Debug|Any CPU
		Release|Any CPU = Release|Any CPU
	EndGlobalSection
	GlobalSection(ProjectConfigurationPlatforms) = postSolution
		{A170CD47-2C4F-4B9E-BD20-0C9E73A090A0}.Debug|Any CPU.ActiveCfg = Debug|Any CPU
		{A170CD47-2C4F-4B9E-BD20-0C9E73A090A0}.Release|Any CPU.ActiveCfg = Release|Any CPU
	EndGlobalSection
	GlobalSection(SolutionProperties) = preSolution
		HideSolutionNode = FALSE
	EndGlobalSection
	GlobalSection(ExtensibilityGlobals) = postSolution
		SolutionGuid = {A75C8FA4-1754-45FB-9A89-D319FEB6EEA5}
	EndGlobalSection
EndGlobal
